
Microsoft Visual Studio Solution File, Format Version 12.00
# Visual Studio Version 17
VisualStudioVersion = 17.7.34221.43
MinimumVisualStudioVersion = 10.0.40219.1
Project("{FAE04EC0-301F-11D3-BF4B-00C04F79EFBC}") = "Market.API", "Market.API\Market.API.csproj", "{02B311F2-0FA9-4F07-AE4C-46F526E8626F}"
EndProject
Global
	GlobalSection(SolutionConfigurationPlatforms) = preSolution
		Debug|Any CPU = Debug|Any CPU
		Release|Any CPU = Release|Any CPU
	EndGlobalSection
	GlobalSection(ProjectConfigurationPlatforms) = postSolution
		{02B311F2-0FA9-4F07-AE4C-46F526E8626F}.Debug|Any CPU.ActiveCfg = Debug|Any CPU
		{02B311F2-0FA9-4F07-AE4C-46F526E8626F}.Debug|Any CPU.Build.0 = Debug|Any CPU
		{02B311F2-0FA9-4F07-AE4C-46F526E8626F}.Release|Any CPU.ActiveCfg = Release|Any CPU
		{02B311F2-0FA9-4F07-AE4C-46F526E8626F}.Release|Any CPU.Build.0 = Release|Any CPU
	EndGlobalSection
	GlobalSection(SolutionProperties) = preSolution
		HideSolutionNode = FALSE
	EndGlobalSection
	GlobalSection(ExtensibilityGlobals) = postSolution
		SolutionGuid = {E8C1C63E-E3B1-4DC5-9EBD-C7A5C7FBE42B}
	EndGlobalSection
EndGlobal
